// !$*UTF8*$!
{
	archiveVersion = 1;
	classes = {
	};
	objectVersion = 55;
	objects = {

/* Begin PBXBuildFile section */
		89C274B62773A58F00A877F6 /* ML_Car_DetectorApp.swift in Sources */ = {isa = PBXBuildFile; fileRef = 89C274B52773A58F00A877F6 /* ML_Car_DetectorApp.swift */; };
		89C274BA2773A59100A877F6 /* Assets.xcassets in Resources */ = {isa = PBXBuildFile; fileRef = 89C274B92773A59100A877F6 /* Assets.xcassets */; };
		89C274BD2773A59100A877F6 /* Preview Assets.xcassets in Resources */ = {isa = PBXBuildFile; fileRef = 89C274BC2773A59100A877F6 /* Preview Assets.xcassets */; };
		89C274C52773A6E700A877F6 /* ImageDetectorViewModel.swift in Sources */ = {isa = PBXBuildFile; fileRef = 89C274C42773A6E700A877F6 /* ImageDetectorViewModel.swift */; };
		89C274C72773A71800A877F6 /* ImageDetectorScreen.swift in Sources */ = {isa = PBXBuildFile; fileRef = 89C274C62773A71800A877F6 /* ImageDetectorScreen.swift */; };
		89C274CA2773A78B00A877F6 /* CarRecognition.mlmodel in Sources */ = {isa = PBXBuildFile; fileRef = 89C274C92773A78B00A877F6 /* CarRecognition.mlmodel */; };
		89C274CC2773A88700A877F6 /* ImagePicker.swift in Sources */ = {isa = PBXBuildFile; fileRef = 89C274CB2773A88700A877F6 /* ImagePicker.swift */; };
/* End PBXBuildFile section */

/* Begin PBXFileReference section */
		89C274B22773A58F00A877F6 /* ML Car Detector.app */ = {isa = PBXFileReference; explicitFileType = wrapper.application; includeInIndex = 0; path = "ML Car Detector.app"; sourceTree = BUILT_PRODUCTS_DIR; };
		89C274B52773A58F00A877F6 /* ML_Car_DetectorApp.swift */ = {isa = PBXFileReference; lastKnownFileType = sourcecode.swift; path = ML_Car_DetectorApp.swift; sourceTree = "<group>"; };
		89C274B92773A59100A877F6 /* Assets.xcassets */ = {isa = PBXFileReference; lastKnownFileType = folder.assetcatalog; path = Assets.xcassets; sourceTree = "<group>"; };
		89C274BC2773A59100A877F6 /* Preview Assets.xcassets */ = {isa = PBXFileReference; lastKnownFileType = folder.assetcatalog; path = "Preview Assets.xcassets"; sourceTree = "<group>"; };
		89C274C42773A6E700A877F6 /* ImageDetectorViewModel.swift */ = {isa = PBXFileReference; lastKnownFileType = sourcecode.swift; path = ImageDetectorViewModel.swift; sourceTree = "<group>"; };
		89C274C62773A71800A877F6 /* ImageDetectorScreen.swift */ = {isa = PBXFileReference; lastKnownFileType = sourcecode.swift; path = ImageDetectorScreen.swift; sourceTree = "<group>"; };
		89C274C92773A78B00A877F6 /* CarRecognition.mlmodel */ = {isa = PBXFileReference; lastKnownFileType = file.mlmodel; path = CarRecognition.mlmodel; sourceTree = "<group>"; };
		89C274CB2773A88700A877F6 /* ImagePicker.swift */ = {isa = PBXFileReference; lastKnownFileType = sourcecode.swift; path = ImagePicker.swift; sourceTree = "<group>"; };
		89C274D42773BAF700A877F6 /* UIImage + Extension.swift */ = {isa = PBXFileReference; lastKnownFileType = sourcecode.swift; path = "UIImage + Extension.swift"; sourceTree = "<group>"; };
/* End PBXFileReference section */

/* Begin PBXFrameworksBuildPhase section */
		89C274AF2773A58F00A877F6 /* Frameworks */ = {
			isa = PBXFrameworksBuildPhase;
			buildActionMask = 2147483647;
			files = (
			);
			runOnlyForDeploymentPostprocessing = 0;
		};
/* End PBXFrameworksBuildPhase section */

/* Begin PBXGroup section */
		89C274A92773A58E00A877F6 = {
			isa = PBXGroup;
			children = (
				89C274B42773A58F00A877F6 /* ML Car Detector */,
				89C274B32773A58F00A877F6 /* Products */,
			);
			sourceTree = "<group>";
		};
		89C274B32773A58F00A877F6 /* Products */ = {
			isa = PBXGroup;
			children = (
				89C274B22773A58F00A877F6 /* ML Car Detector.app */,
			);
			name = Products;
			sourceTree = "<group>";
		};
		89C274B42773A58F00A877F6 /* ML Car Detector */ = {
			isa = PBXGroup;
			children = (
				89C274C82773A78B00A877F6 /* Resources */,
				89C274B52773A58F00A877F6 /* ML_Car_DetectorApp.swift */,
				89C274D52773BB3C00A877F6 /* Helpers */,
				89C274D32773BAF700A877F6 /* Extension */,
				89C274C32773A6D600A877F6 /* ImageDetector */,
				89C274B92773A59100A877F6 /* Assets.xcassets */,
				89C274BB2773A59100A877F6 /* Preview Content */,
			);
			path = "ML Car Detector";
			sourceTree = "<group>";
		};
		89C274BB2773A59100A877F6 /* Preview Content */ = {
			isa = PBXGroup;
			children = (
				89C274BC2773A59100A877F6 /* Preview Assets.xcassets */,
			);
			path = "Preview Content";
			sourceTree = "<group>";
		};
		89C274C32773A6D600A877F6 /* ImageDetector */ = {
			isa = PBXGroup;
			children = (
				89C274C42773A6E700A877F6 /* ImageDetectorViewModel.swift */,
				89C274C62773A71800A877F6 /* ImageDetectorScreen.swift */,
			);
			path = ImageDetector;
			sourceTree = "<group>";
		};
		89C274C82773A78B00A877F6 /* Resources */ = {
			isa = PBXGroup;
			children = (
				89C274C92773A78B00A877F6 /* CarRecognition.mlmodel */,
			);
			path = Resources;
			sourceTree = "<group>";
		};
		89C274D32773BAF700A877F6 /* Extension */ = {
			isa = PBXGroup;
			children = (
				89C274D42773BAF700A877F6 /* UIImage + Extension.swift */,
			);
			path = Extension;
			sourceTree = "<group>";
		};
		89C274D52773BB3C00A877F6 /* Helpers */ = {
			isa = PBXGroup;
			children = (
				89C274CB2773A88700A877F6 /* ImagePicker.swift */,
			);
			path = Helpers;
			sourceTree = "<group>";
		};
/* End PBXGroup section */

/* Begin PBXNativeTarget section */
		89C274B12773A58F00A877F6 /* ML Car Detector */ = {
			isa = PBXNativeTarget;
			buildConfigurationList = 89C274C02773A59100A877F6 /* Build configuration list for PBXNativeTarget "ML Car Detector" */;
			buildPhases = (
				89C274AE2773A58F00A877F6 /* Sources */,
				89C274AF2773A58F00A877F6 /* Frameworks */,
				89C274B02773A58F00A877F6 /* Resources */,
			);
			buildRules = (
			);
			dependencies = (
			);
			name = "ML Car Detector";
			productName = "ML Car Detector";
			productReference = 89C274B22773A58F00A877F6 /* ML Car Detector.app */;
			productType = "com.apple.product-type.application";
		};
/* End PBXNativeTarget section */

/* Begin PBXProject section */
		89C274AA2773A58E00A877F6 /* Project object */ = {
			isa = PBXProject;
			attributes = {
				BuildIndependentTargetsInParallel = 1;
				LastSwiftUpdateCheck = 1300;
				LastUpgradeCheck = 1300;
				TargetAttributes = {
					89C274B12773A58F00A877F6 = {
						CreatedOnToolsVersion = 13.0;
					};
				};
			};
			buildConfigurationList = 89C274AD2773A58E00A877F6 /* Build configuration list for PBXProject "ML Car Detector" */;
			compatibilityVersion = "Xcode 13.0";
			developmentRegion = en;
			hasScannedForEncodings = 0;
			knownRegions = (
				en,
				Base,
			);
			mainGroup = 89C274A92773A58E00A877F6;
			productRefGroup = 89C274B32773A58F00A877F6 /* Products */;
			projectDirPath = "";
			projectRoot = "";
			targets = (
				89C274B12773A58F00A877F6 /* ML Car Detector */,
			);
		};
/* End PBXProject section */

/* Begin PBXResourcesBuildPhase section */
		89C274B02773A58F00A877F6 /* Resources */ = {
			isa = PBXResourcesBuildPhase;
			buildActionMask = 2147483647;
			files = (
				89C274BD2773A59100A877F6 /* Preview Assets.xcassets in Resources */,
				89C274BA2773A59100A877F6 /* Assets.xcassets in Resources */,
			);
			runOnlyForDeploymentPostprocessing = 0;
		};
/* End PBXResourcesBuildPhase section */

/* Begin PBXSourcesBuildPhase section */
		89C274AE2773A58F00A877F6 /* Sources */ = {
			isa = PBXSourcesBuildPhase;
			buildActionMask = 2147483647;
			files = (
				89C274CA2773A78B00A877F6 /* CarRecognition.mlmodel in Sources */,
				89C274C72773A71800A877F6 /* ImageDetectorScreen.swift in Sources */,
				89C274CC2773A88700A877F6 /* ImagePicker.swift in Sources */,
				89C274B62773A58F00A877F6 /* ML_Car_DetectorApp.swift in Sources */,
				89C274C52773A6E700A877F6 /* ImageDetectorViewModel.swift in Sources */,
			);
			runOnlyForDeploymentPostprocessing = 0;
		};
/* End PBXSourcesBuildPhase section */

/* Begin XCBuildConfiguration section */
		89C274BE2773A59100A877F6 /* Debug */ = {
			isa = XCBuildConfiguration;
			buildSettings = {
				ALWAYS_SEARCH_USER_PATHS = NO;
				CLANG_ANALYZER_NONNULL = YES;
				CLANG_ANALYZER_NUMBER_OBJECT_CONVERSION = YES_AGGRESSIVE;
				CLANG_CXX_LANGUAGE_STANDARD = "gnu++17";
				CLANG_CXX_LIBRARY = "libc++";
				CLANG_ENABLE_MODULES = YES;
				CLANG_ENABLE_OBJC_ARC = YES;
				CLANG_ENABLE_OBJC_WEAK = YES;
				CLANG_WARN_BLOCK_CAPTURE_AUTORELEASING = YES;
				CLANG_WARN_BOOL_CONVERSION = YES;
				CLANG_WARN_COMMA = YES;
				CLANG_WARN_CONSTANT_CONVERSION = YES;
				CLANG_WARN_DEPRECATED_OBJC_IMPLEMENTATIONS = YES;
				CLANG_WARN_DIRECT_OBJC_ISA_USAGE = YES_ERROR;
				CLANG_WARN_DOCUMENTATION_COMMENTS = YES;
				CLANG_WARN_EMPTY_BODY = YES;
				CLANG_WARN_ENUM_CONVERSION = YES;
				CLANG_WARN_INFINITE_RECURSION = YES;
				CLANG_WARN_INT_CONVERSION = YES;
				CLANG_WARN_NON_LITERAL_NULL_CONVERSION = YES;
				CLANG_WARN_OBJC_IMPLICIT_RETAIN_SELF = YES;
				CLANG_WARN_OBJC_LITERAL_CONVERSION = YES;
				CLANG_WARN_OBJC_ROOT_CLASS = YES_ERROR;
				CLANG_WARN_QUOTED_INCLUDE_IN_FRAMEWORK_HEADER = YES;
				CLANG_WARN_RANGE_LOOP_ANALYSIS = YES;
				CLANG_WARN_STRICT_PROTOTYPES = YES;
				CLANG_WARN_SUSPICIOUS_MOVE = YES;
				CLANG_WARN_UNGUARDED_AVAILABILITY = YES_AGGRESSIVE;
				CLANG_WARN_UNREACHABLE_CODE = YES;
				CLANG_WARN__DUPLICATE_METHOD_MATCH = YES;
				COPY_PHASE_STRIP = NO;
				DEBUG_INFORMATION_FORMAT = dwarf;
				ENABLE_STRICT_OBJC_MSGSEND = YES;
				ENABLE_TESTABILITY = YES;
				GCC_C_LANGUAGE_STANDARD = gnu11;
				GCC_DYNAMIC_NO_PIC = NO;
				GCC_NO_COMMON_BLOCKS = YES;
				GCC_OPTIMIZATION_LEVEL = 0;
				GCC_PREPROCESSOR_DEFINITIONS = (
					"DEBUG=1",
					"$(inherited)",
				);
				GCC_WARN_64_TO_32_BIT_CONVERSION = YES;
				GCC_WARN_ABOUT_RETURN_TYPE = YES_ERROR;
				GCC_WARN_UNDECLARED_SELECTOR = YES;
				GCC_WARN_UNINITIALIZED_AUTOS = YES_AGGRESSIVE;
				GCC_WARN_UNUSED_FUNCTION = YES;
				GCC_WARN_UNUSED_VARIABLE = YES;
				IPHONEOS_DEPLOYMENT_TARGET = 15.0;
				MTL_ENABLE_DEBUG_INFO = INCLUDE_SOURCE;
				MTL_FAST_MATH = YES;
				ONLY_ACTIVE_ARCH = YES;
				SDKROOT = iphoneos;
				SWIFT_ACTIVE_COMPILATION_CONDITIONS = DEBUG;
				SWIFT_OPTIMIZATION_LEVEL = "-Onone";
			};
			name = Debug;
		};
		89C274BF2773A59100A877F6 /* Release */ = {
			isa = XCBuildConfiguration;
			buildSettings = {
				ALWAYS_SEARCH_USER_PATHS = NO;
				CLANG_ANALYZER_NONNULL = YES;
				CLANG_ANALYZER_NUMBER_OBJECT_CONVERSION = YES_AGGRESSIVE;
				CLANG_CXX_LANGUAGE_STANDARD = "gnu++17";
				CLANG_CXX_LIBRARY = "libc++";
				CLANG_ENABLE_MODULES = YES;
				CLANG_ENABLE_OBJC_ARC = YES;
				CLANG_ENABLE_OBJC_WEAK = YES;
				CLANG_WARN_BLOCK_CAPTURE_AUTORELEASING = YES;
				CLANG_WARN_BOOL_CONVERSION = YES;
				CLANG_WARN_COMMA = YES;
				CLANG_WARN_CONSTANT_CONVERSION = YES;
				CLANG_WARN_DEPRECATED_OBJC_IMPLEMENTATIONS = YES;
				CLANG_WARN_DIRECT_OBJC_ISA_USAGE = YES_ERROR;
				CLANG_WARN_DOCUMENTATION_COMMENTS = YES;
				CLANG_WARN_EMPTY_BODY = YES;
				CLANG_WARN_ENUM_CONVERSION = YES;
				CLANG_WARN_INFINITE_RECURSION = YES;
				CLANG_WARN_INT_CONVERSION = YES;
				CLANG_WARN_NON_LITERAL_NULL_CONVERSION = YES;
				CLANG_WARN_OBJC_IMPLICIT_RETAIN_SELF = YES;
				CLANG_WARN_OBJC_LITERAL_CONVERSION = YES;
				CLANG_WARN_OBJC_ROOT_CLASS = YES_ERROR;
				CLANG_WARN_QUOTED_INCLUDE_IN_FRAMEWORK_HEADER = YES;
				CLANG_WARN_RANGE_LOOP_ANALYSIS = YES;
				CLANG_WARN_STRICT_PROTOTYPES = YES;
				CLANG_WARN_SUSPICIOUS_MOVE = YES;
				CLANG_WARN_UNGUARDED_AVAILABILITY = YES_AGGRESSIVE;
				CLANG_WARN_UNREACHABLE_CODE = YES;
				CLANG_WARN__DUPLICATE_METHOD_MATCH = YES;
				COPY_PHASE_STRIP = NO;
				DEBUG_INFORMATION_FORMAT = "dwarf-with-dsym";
				ENABLE_NS_ASSERTIONS = NO;
				ENABLE_STRICT_OBJC_MSGSEND = YES;
				GCC_C_LANGUAGE_STANDARD = gnu11;
				GCC_NO_COMMON_BLOCKS = YES;
				GCC_WARN_64_TO_32_BIT_CONVERSION = YES;
				GCC_WARN_ABOUT_RETURN_TYPE = YES_ERROR;
				GCC_WARN_UNDECLARED_SELECTOR = YES;
				GCC_WARN_UNINITIALIZED_AUTOS = YES_AGGRESSIVE;
				GCC_WARN_UNUSED_FUNCTION = YES;
				GCC_WARN_UNUSED_VARIABLE = YES;
				IPHONEOS_DEPLOYMENT_TARGET = 15.0;
				MTL_ENABLE_DEBUG_INFO = NO;
				MTL_FAST_MATH = YES;
				SDKROOT = iphoneos;
				SWIFT_COMPILATION_MODE = wholemodule;
				SWIFT_OPTIMIZATION_LEVEL = "-O";
				VALIDATE_PRODUCT = YES;
			};
			name = Release;
		};
		89C274C12773A59100A877F6 /* Debug */ = {
			isa = XCBuildConfiguration;
			buildSettings = {
				ASSETCATALOG_COMPILER_APPICON_NAME = AppIcon;
				ASSETCATALOG_COMPILER_GLOBAL_ACCENT_COLOR_NAME = AccentColor;
				CODE_SIGN_STYLE = Automatic;
				CURRENT_PROJECT_VERSION = 1;
				DEVELOPMENT_ASSET_PATHS = "\"ML Car Detector/Preview Content\"";
				DEVELOPMENT_TEAM = LSFZYL9UCZ;
				ENABLE_PREVIEWS = YES;
				GENERATE_INFOPLIST_FILE = YES;
				INFOPLIST_KEY_UIApplicationSceneManifest_Generation = YES;
				INFOPLIST_KEY_UIApplicationSupportsIndirectInputEvents = YES;
				INFOPLIST_KEY_UILaunchScreen_Generation = YES;
				INFOPLIST_KEY_UISupportedInterfaceOrientations_iPad = "UIInterfaceOrientationPortrait UIInterfaceOrientationPortraitUpsideDown UIInterfaceOrientationLandscapeLeft UIInterfaceOrientationLandscapeRight";
				INFOPLIST_KEY_UISupportedInterfaceOrientations_iPhone = "UIInterfaceOrientationPortrait UIInterfaceOrientationLandscapeLeft UIInterfaceOrientationLandscapeRight";
				IPHONEOS_DEPLOYMENT_TARGET = 14.0;
				LD_RUNPATH_SEARCH_PATHS = (
					"$(inherited)",
					"@executable_path/Frameworks",
				);
				MARKETING_VERSION = 1.0;
				PRODUCT_BUNDLE_IDENTIFIER = "trying.ML-Car-Detector";
				PRODUCT_NAME = "$(TARGET_NAME)";
				SWIFT_EMIT_LOC_STRINGS = YES;
				SWIFT_VERSION = 5.0;
				TARGETED_DEVICE_FAMILY = "1,2";
			};
			name = Debug;
		};
		89C274C22773A59100A877F6 /* Release */ = {
			isa = XCBuildConfiguration;
			buildSettings = {
				ASSETCATALOG_COMPILER_APPICON_NAME = AppIcon;
				ASSETCATALOG_COMPILER_GLOBAL_ACCENT_COLOR_NAME = AccentColor;
				CODE_SIGN_STYLE = Automatic;
				CURRENT_PROJECT_VERSION = 1;
				DEVELOPMENT_ASSET_PATHS = "\"ML Car Detector/Preview Content\"";
				DEVELOPMENT_TEAM = LSFZYL9UCZ;
				ENABLE_PREVIEWS = YES;
				GENERATE_INFOPLIST_FILE = YES;
				INFOPLIST_KEY_UIApplicationSceneManifest_Generation = YES;
				INFOPLIST_KEY_UIApplicationSupportsIndirectInputEvents = YES;
				INFOPLIST_KEY_UILaunchScreen_Generation = YES;
				INFOPLIST_KEY_UISupportedInterfaceOrientations_iPad = "UIInterfaceOrientationPortrait UIInterfaceOrientationPortraitUpsideDown UIInterfaceOrientationLandscapeLeft UIInterfaceOrientationLandscapeRight";
				INFOPLIST_KEY_UISupportedInterfaceOrientations_iPhone = "UIInterfaceOrientationPortrait UIInterfaceOrientationLandscapeLeft UIInterfaceOrientationLandscapeRight";
				IPHONEOS_DEPLOYMENT_TARGET = 14.0;
				LD_RUNPATH_SEARCH_PATHS = (
					"$(inherited)",
					"@executable_path/Frameworks",
				);
				MARKETING_VERSION = 1.0;
				PRODUCT_BUNDLE_IDENTIFIER = "trying.ML-Car-Detector";
				PRODUCT_NAME = "$(TARGET_NAME)";
				SWIFT_EMIT_LOC_STRINGS = YES;
				SWIFT_VERSION = 5.0;
				TARGETED_DEVICE_FAMILY = "1,2";
			};
			name = Release;
		};
/* End XCBuildConfiguration section */

/* Begin XCConfigurationList section */
		89C274AD2773A58E00A877F6 /* Build configuration list for PBXProject "ML Car Detector" */ = {
			isa = XCConfigurationList;
			buildConfigurations = (
				89C274BE2773A59100A877F6 /* Debug */,
				89C274BF2773A59100A877F6 /* Release */,
			);
			defaultConfigurationIsVisible = 0;
			defaultConfigurationName = Release;
		};
		89C274C02773A59100A877F6 /* Build configuration list for PBXNativeTarget "ML Car Detector" */ = {
			isa = XCConfigurationList;
			buildConfigurations = (
				89C274C12773A59100A877F6 /* Debug */,
				89C274C22773A59100A877F6 /* Release */,
			);
			defaultConfigurationIsVisible = 0;
			defaultConfigurationName = Release;
		};
/* End XCConfigurationList section */
	};
	rootObject = 89C274AA2773A58E00A877F6 /* Project object */;
}
